# This file is automatically @generated by Cargo.
# It is not intended for manual editing.
version = 4

[[package]]
name = "duja-app"
version = "0.0.1"
dependencies = [
 "duja-core",
]

[[package]]
name = "duja-core"
version = "0.0.1"

[[package]]
name = "duja-ddc"
version = "0.0.1"
dependencies = [
 "duja-core",
]

[[package]]
name = "duja-dimmer"
version = "0.0.1"
dependencies = [
 "duja-core",
]

[[package]]
name = "duja-ipc"
version = "0.0.1"
dependencies = [
 "duja-core",
]

[[package]]
name = "duja-panel"
version = "0.0.1"
dependencies = [
 "duja-core",
]

[[package]]
name = "duja-platform"
version = "0.0.1"
dependencies = [
 "duja-core",
]

[[package]]
name = "duja-ui"
version = "0.0.1"
dependencies = [
 "duja-core",
]

[[package]]
name = "dujactl"
version = "0.0.1"
dependencies = [
 "duja-core",
 "duja-ipc",
]

[[package]]
name = "xtask"
version = "0.0.1"
